
Microsoft Visual Studio Solution File, Format Version 12.00
# Visual Studio Version 17
VisualStudioVersion = 17.12.35707.178
MinimumVisualStudioVersion = 10.0.40219.1
Project("{FAE04EC0-301F-11D3-BF4B-00C04F79EFBC}") = "Task2_4", "Task2_4\Task2_4.csproj", "{4EFE307A-F52C-4DD4-A459-98F3AF2A37BA}"
EndProject
Project("{FAE04EC0-301F-11D3-BF4B-00C04F79EFBC}") = "Task2_5", "Task2_5\Task2_5.csproj", "{CB77A628-FE1A-42CA-A8D3-5697E9B4CC9C}"
EndProject
Project("{FAE04EC0-301F-11D3-BF4B-00C04F79EFBC}") = "Task2_6", "Task2_6\Task2_6.csproj", "{FA5A8560-73E0-41A1-BB40-19733B42E107}"
EndProject
Project("{FAE04EC0-301F-11D3-BF4B-00C04F79EFBC}") = "Task2_7", "Task2_7\Task2_7.csproj", "{2C3B9A55-B6DF-4798-A885-CD2C52C7D522}"
EndProject
Project("{FAE04EC0-301F-11D3-BF4B-00C04F79EFBC}") = "Task3_1", "Task3_1\Task3_1.csproj", "{A4312A53-0A02-4FB7-8249-6F982F83C170}"
EndProject
Project("{FAE04EC0-301F-11D3-BF4B-00C04F79EFBC}") = "Task3_2", "Task3_2\Task3_2.csproj", "{0A9DDB97-D040-4716-8B3A-05DF699FDA39}"
EndProject
Project("{FAE04EC0-301F-11D3-BF4B-00C04F79EFBC}") = "Task3_3", "Task3_3\Task3_3.csproj", "{96458058-67FD-48C5-9D07-3D78F7D42E37}"
EndProject
Global
	GlobalSection(SolutionConfigurationPlatforms) = preSolution
		Debug|Any CPU = Debug|Any CPU
		Release|Any CPU = Release|Any CPU
	EndGlobalSection
	GlobalSection(ProjectConfigurationPlatforms) = postSolution
		{4EFE307A-F52C-4DD4-A459-98F3AF2A37BA}.Debug|Any CPU.ActiveCfg = Debug|Any CPU
		{4EFE307A-F52C-4DD4-A459-98F3AF2A37BA}.Debug|Any CPU.Build.0 = Debug|Any CPU
		{4EFE307A-F52C-4DD4-A459-98F3AF2A37BA}.Release|Any CPU.ActiveCfg = Release|Any CPU
		{4EFE307A-F52C-4DD4-A459-98F3AF2A37BA}.Release|Any CPU.Build.0 = Release|Any CPU
		{CB77A628-FE1A-42CA-A8D3-5697E9B4CC9C}.Debug|Any CPU.ActiveCfg = Debug|Any CPU
		{CB77A628-FE1A-42CA-A8D3-5697E9B4CC9C}.Debug|Any CPU.Build.0 = Debug|Any CPU
		{CB77A628-FE1A-42CA-A8D3-5697E9B4CC9C}.Release|Any CPU.ActiveCfg = Release|Any CPU
		{CB77A628-FE1A-42CA-A8D3-5697E9B4CC9C}.Release|Any CPU.Build.0 = Release|Any CPU
		{FA5A8560-73E0-41A1-BB40-19733B42E107}.Debug|Any CPU.ActiveCfg = Debug|Any CPU
		{FA5A8560-73E0-41A1-BB40-19733B42E107}.Debug|Any CPU.Build.0 = Debug|Any CPU
		{FA5A8560-73E0-41A1-BB40-19733B42E107}.Release|Any CPU.ActiveCfg = Release|Any CPU
		{FA5A8560-73E0-41A1-BB40-19733B42E107}.Release|Any CPU.Build.0 = Release|Any CPU
		{2C3B9A55-B6DF-4798-A885-CD2C52C7D522}.Debug|Any CPU.ActiveCfg = Debug|Any CPU
		{2C3B9A55-B6DF-4798-A885-CD2C52C7D522}.Debug|Any CPU.Build.0 = Debug|Any CPU
		{2C3B9A55-B6DF-4798-A885-CD2C52C7D522}.Release|Any CPU.ActiveCfg = Release|Any CPU
		{2C3B9A55-B6DF-4798-A885-CD2C52C7D522}.Release|Any CPU.Build.0 = Release|Any CPU
		{A4312A53-0A02-4FB7-8249-6F982F83C170}.Debug|Any CPU.ActiveCfg = Debug|Any CPU
		{A4312A53-0A02-4FB7-8249-6F982F83C170}.Debug|Any CPU.Build.0 = Debug|Any CPU
		{A4312A53-0A02-4FB7-8249-6F982F83C170}.Release|Any CPU.ActiveCfg = Release|Any CPU
		{A4312A53-0A02-4FB7-8249-6F982F83C170}.Release|Any CPU.Build.0 = Release|Any CPU
		{0A9DDB97-D040-4716-8B3A-05DF699FDA39}.Debug|Any CPU.ActiveCfg = Debug|Any CPU
		{0A9DDB97-D040-4716-8B3A-05DF699FDA39}.Debug|Any CPU.Build.0 = Debug|Any CPU
		{0A9DDB97-D040-4716-8B3A-05DF699FDA39}.Release|Any CPU.ActiveCfg = Release|Any CPU
		{0A9DDB97-D040-4716-8B3A-05DF699FDA39}.Release|Any CPU.Build.0 = Release|Any CPU
		{96458058-67FD-48C5-9D07-3D78F7D42E37}.Debug|Any CPU.ActiveCfg = Debug|Any CPU
		{96458058-67FD-48C5-9D07-3D78F7D42E37}.Debug|Any CPU.Build.0 = Debug|Any CPU
		{96458058-67FD-48C5-9D07-3D78F7D42E37}.Release|Any CPU.ActiveCfg = Release|Any CPU
		{96458058-67FD-48C5-9D07-3D78F7D42E37}.Release|Any CPU.Build.0 = Release|Any CPU
	EndGlobalSection
	GlobalSection(SolutionProperties) = preSolution
		HideSolutionNode = FALSE
	EndGlobalSection
EndGlobal
