
Microsoft Visual Studio Solution File, Format Version 12.00
# Visual Studio Version 17
VisualStudioVersion = 17.12.35707.178
MinimumVisualStudioVersion = 10.0.40219.1
Project("{FAE04EC0-301F-11D3-BF4B-00C04F79EFBC}") = "Task07_01", "Task07_01\Task07_01.csproj", "{82DE1092-B86E-4C31-ACAC-E93FEF42EC99}"
EndProject
Project("{FAE04EC0-301F-11D3-BF4B-00C04F79EFBC}") = "Task07_02", "Task07_02\Task07_02.csproj", "{468D49A7-7F47-443F-A888-FB635167EAD0}"
EndProject
Project("{FAE04EC0-301F-11D3-BF4B-00C04F79EFBC}") = "Task07_03", "Task07_03\Task07_03.csproj", "{4DEAE69C-FBD1-4C52-B360-CB0F91C9CF39}"
EndProject
Project("{FAE04EC0-301F-11D3-BF4B-00C04F79EFBC}") = "Task07_04", "Task07_04\Task07_04.csproj", "{CC548614-AF67-4081-B450-6EAF39031809}"
EndProject
Project("{FAE04EC0-301F-11D3-BF4B-00C04F79EFBC}") = "Task07_05", "Task07_05\Task07_05.csproj", "{46E0DE1A-A472-42A2-A86E-B8043B4EE9E7}"
EndProject
Project("{FAE04EC0-301F-11D3-BF4B-00C04F79EFBC}") = "Task06_01", "Task06_01\Task06_01.csproj", "{3503B70C-266E-449A-BC4A-965A2BA5A934}"
EndProject
Project("{FAE04EC0-301F-11D3-BF4B-00C04F79EFBC}") = "Task06_02", "Task06_02\Task06_02.csproj", "{B1CDFEE0-6570-48AE-A4D8-0EBDD7A7E48A}"
EndProject
Project("{FAE04EC0-301F-11D3-BF4B-00C04F79EFBC}") = "Task06_03", "Task06_03\Task06_03.csproj", "{9E694A87-71BF-451F-AA51-3853D99A71A5}"
EndProject
Project("{FAE04EC0-301F-11D3-BF4B-00C04F79EFBC}") = "Task06_04", "Task06_04\Task06_04.csproj", "{4AF71F48-F26A-48F1-A366-5F34C99C18CD}"
EndProject
Project("{FAE04EC0-301F-11D3-BF4B-00C04F79EFBC}") = "Task06_05", "Task06_05\Task06_05.csproj", "{984B78FA-94AE-4456-96CB-10D9356346B6}"
EndProject
Project("{FAE04EC0-301F-11D3-BF4B-00C04F79EFBC}") = "Task4_01", "Task4_01\Task4_01.csproj", "{4CA0C716-97CB-4600-8D0F-1C52F00BC933}"
EndProject
Project("{FAE04EC0-301F-11D3-BF4B-00C04F79EFBC}") = "Task4_02", "Task4_02\Task4_02.csproj", "{6C644530-29B3-46B3-A5F4-D2FF07C4D1AA}"
EndProject
Project("{FAE04EC0-301F-11D3-BF4B-00C04F79EFBC}") = "Task4_03", "Task4_03\Task4_03.csproj", "{F745B8C1-5111-4BE8-8222-156BFD8D128C}"
EndProject
Project("{FAE04EC0-301F-11D3-BF4B-00C04F79EFBC}") = "Task4_04", "Task4_04\Task4_04.csproj", "{072DD6AC-307F-40CB-8583-CEC5319F0CCA}"
EndProject
Project("{FAE04EC0-301F-11D3-BF4B-00C04F79EFBC}") = "Task4_05", "Task4_05\Task4_05.csproj", "{75363925-390C-45BD-AEA9-1271A9A74371}"
EndProject
Project("{FAE04EC0-301F-11D3-BF4B-00C04F79EFBC}") = "Task4_06", "Task4_06\Task4_06.csproj", "{8132BA95-848B-4D3F-BF39-5BC157ACAC28}"
EndProject
Project("{FAE04EC0-301F-11D3-BF4B-00C04F79EFBC}") = "Task4_07", "Task4_07\Task4_07.csproj", "{594F53B6-1B4B-47BC-9E55-FE10D2C9DB27}"
EndProject
Project("{FAE04EC0-301F-11D3-BF4B-00C04F79EFBC}") = "Task4_08", "Task4_08\Task4_08.csproj", "{B179486D-1C1B-4955-B2A4-A7F7F7D5B8B4}"
EndProject
Project("{FAE04EC0-301F-11D3-BF4B-00C04F79EFBC}") = "Task08_01", "Task08_01\Task08_01.csproj", "{7EBC8893-723D-4733-B2CC-3781D4BCEC3E}"
EndProject
Project("{FAE04EC0-301F-11D3-BF4B-00C04F79EFBC}") = "Task08_02", "Task08_02\Task08_02.csproj", "{D041E8F6-6685-4DCD-A9C2-B13C64F1A216}"
EndProject
Project("{FAE04EC0-301F-11D3-BF4B-00C04F79EFBC}") = "Task09_01", "Task09_01\Task09_01.csproj", "{2114B7A5-57E9-4BE5-B957-6EDC2FF195F6}"
EndProject
Project("{FAE04EC0-301F-11D3-BF4B-00C04F79EFBC}") = "Task09_02", "Task09_02\Task09_02.csproj", "{6266E289-D84B-421A-B9E4-6E642DD18E0E}"
EndProject
Project("{FAE04EC0-301F-11D3-BF4B-00C04F79EFBC}") = "Task10_01", "Task01_01\Task10_01.csproj", "{8B93D948-0157-4EA1-9E7D-6F7E4DDF7271}"
EndProject
Global
	GlobalSection(SolutionConfigurationPlatforms) = preSolution
		Debug|Any CPU = Debug|Any CPU
		Release|Any CPU = Release|Any CPU
	EndGlobalSection
	GlobalSection(ProjectConfigurationPlatforms) = postSolution
		{82DE1092-B86E-4C31-ACAC-E93FEF42EC99}.Debug|Any CPU.ActiveCfg = Debug|Any CPU
		{82DE1092-B86E-4C31-ACAC-E93FEF42EC99}.Debug|Any CPU.Build.0 = Debug|Any CPU
		{82DE1092-B86E-4C31-ACAC-E93FEF42EC99}.Release|Any CPU.ActiveCfg = Release|Any CPU
		{82DE1092-B86E-4C31-ACAC-E93FEF42EC99}.Release|Any CPU.Build.0 = Release|Any CPU
		{468D49A7-7F47-443F-A888-FB635167EAD0}.Debug|Any CPU.ActiveCfg = Debug|Any CPU
		{468D49A7-7F47-443F-A888-FB635167EAD0}.Debug|Any CPU.Build.0 = Debug|Any CPU
		{468D49A7-7F47-443F-A888-FB635167EAD0}.Release|Any CPU.ActiveCfg = Release|Any CPU
		{468D49A7-7F47-443F-A888-FB635167EAD0}.Release|Any CPU.Build.0 = Release|Any CPU
		{4DEAE69C-FBD1-4C52-B360-CB0F91C9CF39}.Debug|Any CPU.ActiveCfg = Debug|Any CPU
		{4DEAE69C-FBD1-4C52-B360-CB0F91C9CF39}.Debug|Any CPU.Build.0 = Debug|Any CPU
		{4DEAE69C-FBD1-4C52-B360-CB0F91C9CF39}.Release|Any CPU.ActiveCfg = Release|Any CPU
		{4DEAE69C-FBD1-4C52-B360-CB0F91C9CF39}.Release|Any CPU.Build.0 = Release|Any CPU
		{CC548614-AF67-4081-B450-6EAF39031809}.Debug|Any CPU.ActiveCfg = Debug|Any CPU
		{CC548614-AF67-4081-B450-6EAF39031809}.Debug|Any CPU.Build.0 = Debug|Any CPU
		{CC548614-AF67-4081-B450-6EAF39031809}.Release|Any CPU.ActiveCfg = Release|Any CPU
		{CC548614-AF67-4081-B450-6EAF39031809}.Release|Any CPU.Build.0 = Release|Any CPU
		{46E0DE1A-A472-42A2-A86E-B8043B4EE9E7}.Debug|Any CPU.ActiveCfg = Debug|Any CPU
		{46E0DE1A-A472-42A2-A86E-B8043B4EE9E7}.Debug|Any CPU.Build.0 = Debug|Any CPU
		{46E0DE1A-A472-42A2-A86E-B8043B4EE9E7}.Release|Any CPU.ActiveCfg = Release|Any CPU
		{46E0DE1A-A472-42A2-A86E-B8043B4EE9E7}.Release|Any CPU.Build.0 = Release|Any CPU
		{3503B70C-266E-449A-BC4A-965A2BA5A934}.Debug|Any CPU.ActiveCfg = Debug|Any CPU
		{3503B70C-266E-449A-BC4A-965A2BA5A934}.Debug|Any CPU.Build.0 = Debug|Any CPU
		{3503B70C-266E-449A-BC4A-965A2BA5A934}.Release|Any CPU.ActiveCfg = Release|Any CPU
		{3503B70C-266E-449A-BC4A-965A2BA5A934}.Release|Any CPU.Build.0 = Release|Any CPU
		{B1CDFEE0-6570-48AE-A4D8-0EBDD7A7E48A}.Debug|Any CPU.ActiveCfg = Debug|Any CPU
		{B1CDFEE0-6570-48AE-A4D8-0EBDD7A7E48A}.Debug|Any CPU.Build.0 = Debug|Any CPU
		{B1CDFEE0-6570-48AE-A4D8-0EBDD7A7E48A}.Release|Any CPU.ActiveCfg = Release|Any CPU
		{B1CDFEE0-6570-48AE-A4D8-0EBDD7A7E48A}.Release|Any CPU.Build.0 = Release|Any CPU
		{9E694A87-71BF-451F-AA51-3853D99A71A5}.Debug|Any CPU.ActiveCfg = Debug|Any CPU
		{9E694A87-71BF-451F-AA51-3853D99A71A5}.Debug|Any CPU.Build.0 = Debug|Any CPU
		{9E694A87-71BF-451F-AA51-3853D99A71A5}.Release|Any CPU.ActiveCfg = Release|Any CPU
		{9E694A87-71BF-451F-AA51-3853D99A71A5}.Release|Any CPU.Build.0 = Release|Any CPU
		{4AF71F48-F26A-48F1-A366-5F34C99C18CD}.Debug|Any CPU.ActiveCfg = Debug|Any CPU
		{4AF71F48-F26A-48F1-A366-5F34C99C18CD}.Debug|Any CPU.Build.0 = Debug|Any CPU
		{4AF71F48-F26A-48F1-A366-5F34C99C18CD}.Release|Any CPU.ActiveCfg = Release|Any CPU
		{4AF71F48-F26A-48F1-A366-5F34C99C18CD}.Release|Any CPU.Build.0 = Release|Any CPU
		{984B78FA-94AE-4456-96CB-10D9356346B6}.Debug|Any CPU.ActiveCfg = Debug|Any CPU
		{984B78FA-94AE-4456-96CB-10D9356346B6}.Debug|Any CPU.Build.0 = Debug|Any CPU
		{984B78FA-94AE-4456-96CB-10D9356346B6}.Release|Any CPU.ActiveCfg = Release|Any CPU
		{984B78FA-94AE-4456-96CB-10D9356346B6}.Release|Any CPU.Build.0 = Release|Any CPU
		{F67280F0-AFA6-4919-ACBD-48314985EB32}.Debug|Any CPU.ActiveCfg = Debug|Any CPU
		{F67280F0-AFA6-4919-ACBD-48314985EB32}.Debug|Any CPU.Build.0 = Debug|Any CPU
		{F67280F0-AFA6-4919-ACBD-48314985EB32}.Release|Any CPU.ActiveCfg = Release|Any CPU
		{F67280F0-AFA6-4919-ACBD-48314985EB32}.Release|Any CPU.Build.0 = Release|Any CPU
		{0469F92D-5F10-477C-9596-6180191FC363}.Debug|Any CPU.ActiveCfg = Debug|Any CPU
		{0469F92D-5F10-477C-9596-6180191FC363}.Debug|Any CPU.Build.0 = Debug|Any CPU
		{0469F92D-5F10-477C-9596-6180191FC363}.Release|Any CPU.ActiveCfg = Release|Any CPU
		{0469F92D-5F10-477C-9596-6180191FC363}.Release|Any CPU.Build.0 = Release|Any CPU
		{C53EA39C-0790-4F46-A5EF-91FC93185132}.Debug|Any CPU.ActiveCfg = Debug|Any CPU
		{C53EA39C-0790-4F46-A5EF-91FC93185132}.Debug|Any CPU.Build.0 = Debug|Any CPU
		{C53EA39C-0790-4F46-A5EF-91FC93185132}.Release|Any CPU.ActiveCfg = Release|Any CPU
		{C53EA39C-0790-4F46-A5EF-91FC93185132}.Release|Any CPU.Build.0 = Release|Any CPU
		{F7C9A3F9-C264-42AA-9D42-7E3CC6575B78}.Debug|Any CPU.ActiveCfg = Debug|Any CPU
		{F7C9A3F9-C264-42AA-9D42-7E3CC6575B78}.Debug|Any CPU.Build.0 = Debug|Any CPU
		{F7C9A3F9-C264-42AA-9D42-7E3CC6575B78}.Release|Any CPU.ActiveCfg = Release|Any CPU
		{F7C9A3F9-C264-42AA-9D42-7E3CC6575B78}.Release|Any CPU.Build.0 = Release|Any CPU
		{5ADCB10B-F415-4B9E-892B-9DEAB8147D0B}.Debug|Any CPU.ActiveCfg = Debug|Any CPU
		{5ADCB10B-F415-4B9E-892B-9DEAB8147D0B}.Debug|Any CPU.Build.0 = Debug|Any CPU
		{5ADCB10B-F415-4B9E-892B-9DEAB8147D0B}.Release|Any CPU.ActiveCfg = Release|Any CPU
		{5ADCB10B-F415-4B9E-892B-9DEAB8147D0B}.Release|Any CPU.Build.0 = Release|Any CPU
		{78A9F330-A74C-44A5-A3CF-D91006B3485E}.Debug|Any CPU.ActiveCfg = Debug|Any CPU
		{78A9F330-A74C-44A5-A3CF-D91006B3485E}.Debug|Any CPU.Build.0 = Debug|Any CPU
		{78A9F330-A74C-44A5-A3CF-D91006B3485E}.Release|Any CPU.ActiveCfg = Release|Any CPU
		{78A9F330-A74C-44A5-A3CF-D91006B3485E}.Release|Any CPU.Build.0 = Release|Any CPU
		{CE708881-FC90-4382-AC09-344A5EF1FEB1}.Debug|Any CPU.ActiveCfg = Debug|Any CPU
		{CE708881-FC90-4382-AC09-344A5EF1FEB1}.Debug|Any CPU.Build.0 = Debug|Any CPU
		{CE708881-FC90-4382-AC09-344A5EF1FEB1}.Release|Any CPU.ActiveCfg = Release|Any CPU
		{CE708881-FC90-4382-AC09-344A5EF1FEB1}.Release|Any CPU.Build.0 = Release|Any CPU
		{6449E836-ECB6-46A6-B2A5-F8E4CE7110A9}.Debug|Any CPU.ActiveCfg = Debug|Any CPU
		{6449E836-ECB6-46A6-B2A5-F8E4CE7110A9}.Debug|Any CPU.Build.0 = Debug|Any CPU
		{6449E836-ECB6-46A6-B2A5-F8E4CE7110A9}.Release|Any CPU.ActiveCfg = Release|Any CPU
		{6449E836-ECB6-46A6-B2A5-F8E4CE7110A9}.Release|Any CPU.Build.0 = Release|Any CPU
		{56A25EC8-F6D0-4ED5-9C35-92329AFC6B2B}.Debug|Any CPU.ActiveCfg = Debug|Any CPU
		{56A25EC8-F6D0-4ED5-9C35-92329AFC6B2B}.Debug|Any CPU.Build.0 = Debug|Any CPU
		{56A25EC8-F6D0-4ED5-9C35-92329AFC6B2B}.Release|Any CPU.ActiveCfg = Release|Any CPU
		{56A25EC8-F6D0-4ED5-9C35-92329AFC6B2B}.Release|Any CPU.Build.0 = Release|Any CPU
		{4EFE307A-F52C-4DD4-A459-98F3AF2A37BA}.Debug|Any CPU.ActiveCfg = Debug|Any CPU
		{4EFE307A-F52C-4DD4-A459-98F3AF2A37BA}.Debug|Any CPU.Build.0 = Debug|Any CPU
		{4EFE307A-F52C-4DD4-A459-98F3AF2A37BA}.Release|Any CPU.ActiveCfg = Release|Any CPU
		{4EFE307A-F52C-4DD4-A459-98F3AF2A37BA}.Release|Any CPU.Build.0 = Release|Any CPU
		{CB77A628-FE1A-42CA-A8D3-5697E9B4CC9C}.Debug|Any CPU.ActiveCfg = Debug|Any CPU
		{CB77A628-FE1A-42CA-A8D3-5697E9B4CC9C}.Debug|Any CPU.Build.0 = Debug|Any CPU
		{CB77A628-FE1A-42CA-A8D3-5697E9B4CC9C}.Release|Any CPU.ActiveCfg = Release|Any CPU
		{CB77A628-FE1A-42CA-A8D3-5697E9B4CC9C}.Release|Any CPU.Build.0 = Release|Any CPU
		{FA5A8560-73E0-41A1-BB40-19733B42E107}.Debug|Any CPU.ActiveCfg = Debug|Any CPU
		{FA5A8560-73E0-41A1-BB40-19733B42E107}.Debug|Any CPU.Build.0 = Debug|Any CPU
		{FA5A8560-73E0-41A1-BB40-19733B42E107}.Release|Any CPU.ActiveCfg = Release|Any CPU
		{FA5A8560-73E0-41A1-BB40-19733B42E107}.Release|Any CPU.Build.0 = Release|Any CPU
		{2C3B9A55-B6DF-4798-A885-CD2C52C7D522}.Debug|Any CPU.ActiveCfg = Debug|Any CPU
		{2C3B9A55-B6DF-4798-A885-CD2C52C7D522}.Debug|Any CPU.Build.0 = Debug|Any CPU
		{2C3B9A55-B6DF-4798-A885-CD2C52C7D522}.Release|Any CPU.ActiveCfg = Release|Any CPU
		{2C3B9A55-B6DF-4798-A885-CD2C52C7D522}.Release|Any CPU.Build.0 = Release|Any CPU
		{A4312A53-0A02-4FB7-8249-6F982F83C170}.Debug|Any CPU.ActiveCfg = Debug|Any CPU
		{A4312A53-0A02-4FB7-8249-6F982F83C170}.Debug|Any CPU.Build.0 = Debug|Any CPU
		{A4312A53-0A02-4FB7-8249-6F982F83C170}.Release|Any CPU.ActiveCfg = Release|Any CPU
		{A4312A53-0A02-4FB7-8249-6F982F83C170}.Release|Any CPU.Build.0 = Release|Any CPU
		{0A9DDB97-D040-4716-8B3A-05DF699FDA39}.Debug|Any CPU.ActiveCfg = Debug|Any CPU
		{0A9DDB97-D040-4716-8B3A-05DF699FDA39}.Debug|Any CPU.Build.0 = Debug|Any CPU
		{0A9DDB97-D040-4716-8B3A-05DF699FDA39}.Release|Any CPU.ActiveCfg = Release|Any CPU
		{0A9DDB97-D040-4716-8B3A-05DF699FDA39}.Release|Any CPU.Build.0 = Release|Any CPU
		{96458058-67FD-48C5-9D07-3D78F7D42E37}.Debug|Any CPU.ActiveCfg = Debug|Any CPU
		{96458058-67FD-48C5-9D07-3D78F7D42E37}.Debug|Any CPU.Build.0 = Debug|Any CPU
		{96458058-67FD-48C5-9D07-3D78F7D42E37}.Release|Any CPU.ActiveCfg = Release|Any CPU
		{96458058-67FD-48C5-9D07-3D78F7D42E37}.Release|Any CPU.Build.0 = Release|Any CPU
		{52021D7B-CC22-45A7-ABCA-6006956AF5F2}.Debug|Any CPU.ActiveCfg = Debug|Any CPU
		{52021D7B-CC22-45A7-ABCA-6006956AF5F2}.Debug|Any CPU.Build.0 = Debug|Any CPU
		{52021D7B-CC22-45A7-ABCA-6006956AF5F2}.Release|Any CPU.ActiveCfg = Release|Any CPU
		{52021D7B-CC22-45A7-ABCA-6006956AF5F2}.Release|Any CPU.Build.0 = Release|Any CPU
		{6B6FF70B-2F7E-4479-A22B-1D2EFD4813CA}.Debug|Any CPU.ActiveCfg = Debug|Any CPU
		{6B6FF70B-2F7E-4479-A22B-1D2EFD4813CA}.Debug|Any CPU.Build.0 = Debug|Any CPU
		{6B6FF70B-2F7E-4479-A22B-1D2EFD4813CA}.Release|Any CPU.ActiveCfg = Release|Any CPU
		{6B6FF70B-2F7E-4479-A22B-1D2EFD4813CA}.Release|Any CPU.Build.0 = Release|Any CPU
		{9D2D6ECD-4CEA-41AF-8EB9-4BF0480E307C}.Debug|Any CPU.ActiveCfg = Debug|Any CPU
		{9D2D6ECD-4CEA-41AF-8EB9-4BF0480E307C}.Debug|Any CPU.Build.0 = Debug|Any CPU
		{9D2D6ECD-4CEA-41AF-8EB9-4BF0480E307C}.Release|Any CPU.ActiveCfg = Release|Any CPU
		{9D2D6ECD-4CEA-41AF-8EB9-4BF0480E307C}.Release|Any CPU.Build.0 = Release|Any CPU
		{D890DCFC-ED72-4603-8CDB-08C143194074}.Debug|Any CPU.ActiveCfg = Debug|Any CPU
		{D890DCFC-ED72-4603-8CDB-08C143194074}.Debug|Any CPU.Build.0 = Debug|Any CPU
		{D890DCFC-ED72-4603-8CDB-08C143194074}.Release|Any CPU.ActiveCfg = Release|Any CPU
		{D890DCFC-ED72-4603-8CDB-08C143194074}.Release|Any CPU.Build.0 = Release|Any CPU
		{A7DB9704-3D3E-4E2C-B81B-16D645FDDF8F}.Debug|Any CPU.ActiveCfg = Debug|Any CPU
		{A7DB9704-3D3E-4E2C-B81B-16D645FDDF8F}.Debug|Any CPU.Build.0 = Debug|Any CPU
		{A7DB9704-3D3E-4E2C-B81B-16D645FDDF8F}.Release|Any CPU.ActiveCfg = Release|Any CPU
		{A7DB9704-3D3E-4E2C-B81B-16D645FDDF8F}.Release|Any CPU.Build.0 = Release|Any CPU
		{0B74E1EC-D984-4984-9D4B-73EBCED07B02}.Debug|Any CPU.ActiveCfg = Debug|Any CPU
		{0B74E1EC-D984-4984-9D4B-73EBCED07B02}.Debug|Any CPU.Build.0 = Debug|Any CPU
		{0B74E1EC-D984-4984-9D4B-73EBCED07B02}.Release|Any CPU.ActiveCfg = Release|Any CPU
		{0B74E1EC-D984-4984-9D4B-73EBCED07B02}.Release|Any CPU.Build.0 = Release|Any CPU
		{ECB85174-293F-47E7-8994-605F3E4983A8}.Debug|Any CPU.ActiveCfg = Debug|Any CPU
		{ECB85174-293F-47E7-8994-605F3E4983A8}.Debug|Any CPU.Build.0 = Debug|Any CPU
		{ECB85174-293F-47E7-8994-605F3E4983A8}.Release|Any CPU.ActiveCfg = Release|Any CPU
		{ECB85174-293F-47E7-8994-605F3E4983A8}.Release|Any CPU.Build.0 = Release|Any CPU
		{4080543B-DD86-4366-95FB-AB5EF294B611}.Debug|Any CPU.ActiveCfg = Debug|Any CPU
		{4080543B-DD86-4366-95FB-AB5EF294B611}.Debug|Any CPU.Build.0 = Debug|Any CPU
		{4080543B-DD86-4366-95FB-AB5EF294B611}.Release|Any CPU.ActiveCfg = Release|Any CPU
		{4080543B-DD86-4366-95FB-AB5EF294B611}.Release|Any CPU.Build.0 = Release|Any CPU
		{13BFA128-062A-48C2-902D-5B4690344F9F}.Debug|Any CPU.ActiveCfg = Debug|Any CPU
		{13BFA128-062A-48C2-902D-5B4690344F9F}.Debug|Any CPU.Build.0 = Debug|Any CPU
		{13BFA128-062A-48C2-902D-5B4690344F9F}.Release|Any CPU.ActiveCfg = Release|Any CPU
		{13BFA128-062A-48C2-902D-5B4690344F9F}.Release|Any CPU.Build.0 = Release|Any CPU
		{2114B7A5-57E9-4BE5-B957-6EDC2FF195F6}.Debug|Any CPU.ActiveCfg = Debug|Any CPU
		{2114B7A5-57E9-4BE5-B957-6EDC2FF195F6}.Debug|Any CPU.Build.0 = Debug|Any CPU
		{2114B7A5-57E9-4BE5-B957-6EDC2FF195F6}.Release|Any CPU.ActiveCfg = Release|Any CPU
		{2114B7A5-57E9-4BE5-B957-6EDC2FF195F6}.Release|Any CPU.Build.0 = Release|Any CPU
		{6266E289-D84B-421A-B9E4-6E642DD18E0E}.Debug|Any CPU.ActiveCfg = Debug|Any CPU
		{6266E289-D84B-421A-B9E4-6E642DD18E0E}.Debug|Any CPU.Build.0 = Debug|Any CPU
		{6266E289-D84B-421A-B9E4-6E642DD18E0E}.Release|Any CPU.ActiveCfg = Release|Any CPU
		{6266E289-D84B-421A-B9E4-6E642DD18E0E}.Release|Any CPU.Build.0 = Release|Any CPU
		{8B93D948-0157-4EA1-9E7D-6F7E4DDF7271}.Debug|Any CPU.ActiveCfg = Debug|Any CPU
		{8B93D948-0157-4EA1-9E7D-6F7E4DDF7271}.Debug|Any CPU.Build.0 = Debug|Any CPU
		{8B93D948-0157-4EA1-9E7D-6F7E4DDF7271}.Release|Any CPU.ActiveCfg = Release|Any CPU
		{8B93D948-0157-4EA1-9E7D-6F7E4DDF7271}.Release|Any CPU.Build.0 = Release|Any CPU
		{7EBC8893-723D-4733-B2CC-3781D4BCEC3E}.Debug|Any CPU.ActiveCfg = Debug|Any CPU
		{7EBC8893-723D-4733-B2CC-3781D4BCEC3E}.Debug|Any CPU.Build.0 = Debug|Any CPU
		{7EBC8893-723D-4733-B2CC-3781D4BCEC3E}.Release|Any CPU.ActiveCfg = Release|Any CPU
		{7EBC8893-723D-4733-B2CC-3781D4BCEC3E}.Release|Any CPU.Build.0 = Release|Any CPU
		{D041E8F6-6685-4DCD-A9C2-B13C64F1A216}.Debug|Any CPU.ActiveCfg = Debug|Any CPU
		{D041E8F6-6685-4DCD-A9C2-B13C64F1A216}.Debug|Any CPU.Build.0 = Debug|Any CPU
		{D041E8F6-6685-4DCD-A9C2-B13C64F1A216}.Release|Any CPU.ActiveCfg = Release|Any CPU
		{D041E8F6-6685-4DCD-A9C2-B13C64F1A216}.Release|Any CPU.Build.0 = Release|Any CPU
		{4CA0C716-97CB-4600-8D0F-1C52F00BC933}.Debug|Any CPU.ActiveCfg = Debug|Any CPU
		{4CA0C716-97CB-4600-8D0F-1C52F00BC933}.Debug|Any CPU.Build.0 = Debug|Any CPU
		{4CA0C716-97CB-4600-8D0F-1C52F00BC933}.Release|Any CPU.ActiveCfg = Release|Any CPU
		{4CA0C716-97CB-4600-8D0F-1C52F00BC933}.Release|Any CPU.Build.0 = Release|Any CPU
		{6C644530-29B3-46B3-A5F4-D2FF07C4D1AA}.Debug|Any CPU.ActiveCfg = Debug|Any CPU
		{6C644530-29B3-46B3-A5F4-D2FF07C4D1AA}.Debug|Any CPU.Build.0 = Debug|Any CPU
		{6C644530-29B3-46B3-A5F4-D2FF07C4D1AA}.Release|Any CPU.ActiveCfg = Release|Any CPU
		{6C644530-29B3-46B3-A5F4-D2FF07C4D1AA}.Release|Any CPU.Build.0 = Release|Any CPU
		{F745B8C1-5111-4BE8-8222-156BFD8D128C}.Debug|Any CPU.ActiveCfg = Debug|Any CPU
		{F745B8C1-5111-4BE8-8222-156BFD8D128C}.Debug|Any CPU.Build.0 = Debug|Any CPU
		{F745B8C1-5111-4BE8-8222-156BFD8D128C}.Release|Any CPU.ActiveCfg = Release|Any CPU
		{F745B8C1-5111-4BE8-8222-156BFD8D128C}.Release|Any CPU.Build.0 = Release|Any CPU
		{072DD6AC-307F-40CB-8583-CEC5319F0CCA}.Debug|Any CPU.ActiveCfg = Debug|Any CPU
		{072DD6AC-307F-40CB-8583-CEC5319F0CCA}.Debug|Any CPU.Build.0 = Debug|Any CPU
		{072DD6AC-307F-40CB-8583-CEC5319F0CCA}.Release|Any CPU.ActiveCfg = Release|Any CPU
		{072DD6AC-307F-40CB-8583-CEC5319F0CCA}.Release|Any CPU.Build.0 = Release|Any CPU
		{75363925-390C-45BD-AEA9-1271A9A74371}.Debug|Any CPU.ActiveCfg = Debug|Any CPU
		{75363925-390C-45BD-AEA9-1271A9A74371}.Debug|Any CPU.Build.0 = Debug|Any CPU
		{75363925-390C-45BD-AEA9-1271A9A74371}.Release|Any CPU.ActiveCfg = Release|Any CPU
		{75363925-390C-45BD-AEA9-1271A9A74371}.Release|Any CPU.Build.0 = Release|Any CPU
		{8132BA95-848B-4D3F-BF39-5BC157ACAC28}.Debug|Any CPU.ActiveCfg = Debug|Any CPU
		{8132BA95-848B-4D3F-BF39-5BC157ACAC28}.Debug|Any CPU.Build.0 = Debug|Any CPU
		{8132BA95-848B-4D3F-BF39-5BC157ACAC28}.Release|Any CPU.ActiveCfg = Release|Any CPU
		{8132BA95-848B-4D3F-BF39-5BC157ACAC28}.Release|Any CPU.Build.0 = Release|Any CPU
		{594F53B6-1B4B-47BC-9E55-FE10D2C9DB27}.Debug|Any CPU.ActiveCfg = Debug|Any CPU
		{594F53B6-1B4B-47BC-9E55-FE10D2C9DB27}.Debug|Any CPU.Build.0 = Debug|Any CPU
		{594F53B6-1B4B-47BC-9E55-FE10D2C9DB27}.Release|Any CPU.ActiveCfg = Release|Any CPU
		{594F53B6-1B4B-47BC-9E55-FE10D2C9DB27}.Release|Any CPU.Build.0 = Release|Any CPU
		{B179486D-1C1B-4955-B2A4-A7F7F7D5B8B4}.Debug|Any CPU.ActiveCfg = Debug|Any CPU
		{B179486D-1C1B-4955-B2A4-A7F7F7D5B8B4}.Debug|Any CPU.Build.0 = Debug|Any CPU
		{B179486D-1C1B-4955-B2A4-A7F7F7D5B8B4}.Release|Any CPU.ActiveCfg = Release|Any CPU
		{B179486D-1C1B-4955-B2A4-A7F7F7D5B8B4}.Release|Any CPU.Build.0 = Release|Any CPU
	EndGlobalSection
	GlobalSection(SolutionProperties) = preSolution
		HideSolutionNode = FALSE
	EndGlobalSection
EndGlobal
